
Microsoft Visual Studio Solution File, Format Version 12.00
# Visual Studio 2015
Project("{FAE04EC0-301F-11D3-BF4B-00C04F79EFBC}") = "OverDRIVEN! Game.CSharp", "OverDRIVEN! Game.CSharp.csproj", "{6F05F2C8-B85C-CC95-3CAC-45219EB42294}"
EndProject
Project("{FAE04EC0-301F-11D3-BF4B-00C04F79EFBC}") = "OverDRIVEN! Game.CSharp.Editor", "OverDRIVEN! Game.CSharp.Editor.csproj", "{E7FDB32A-F8FF-1DC6-438D-6F2A5E9563A2}"
EndProject
Global
	GlobalSection(SolutionConfigurationPlatforms) = preSolution
		Debug|Any CPU = Debug|Any CPU
		Release|Any CPU = Release|Any CPU
	EndGlobalSection
	GlobalSection(ProjectConfigurationPlatforms) = postSolution
		{6F05F2C8-B85C-CC95-3CAC-45219EB42294}.Debug|Any CPU.ActiveCfg = Debug|Any CPU
		{6F05F2C8-B85C-CC95-3CAC-45219EB42294}.Debug|Any CPU.Build.0 = Debug|Any CPU
		{6F05F2C8-B85C-CC95-3CAC-45219EB42294}.Release|Any CPU.ActiveCfg = Release|Any CPU
		{6F05F2C8-B85C-CC95-3CAC-45219EB42294}.Release|Any CPU.Build.0 = Release|Any CPU
		{E7FDB32A-F8FF-1DC6-438D-6F2A5E9563A2}.Debug|Any CPU.ActiveCfg = Debug|Any CPU
		{E7FDB32A-F8FF-1DC6-438D-6F2A5E9563A2}.Debug|Any CPU.Build.0 = Debug|Any CPU
		{E7FDB32A-F8FF-1DC6-438D-6F2A5E9563A2}.Release|Any CPU.ActiveCfg = Release|Any CPU
		{E7FDB32A-F8FF-1DC6-438D-6F2A5E9563A2}.Release|Any CPU.Build.0 = Release|Any CPU
	EndGlobalSection
	GlobalSection(SolutionProperties) = preSolution
		HideSolutionNode = FALSE
	EndGlobalSection
EndGlobal
